
Microsoft Visual Studio Solution File, Format Version 12.00
# Visual Studio Version 17
VisualStudioVersion = 17.7.34202.233
MinimumVisualStudioVersion = 10.0.40219.1
Project("{FAE04EC0-301F-11D3-BF4B-00C04F79EFBC}") = "KTX-API", "KTX-API\KTX-API.csproj", "{2854A292-6B57-45C5-A267-08A5BDF93C3B}"
EndProject
Project("{FAE04EC0-301F-11D3-BF4B-00C04F79EFBC}") = "KTX-BLL", "KTX-BLL\KTX-BLL.csproj", "{C1CA8A85-A996-4850-96E9-29B8A250598D}"
EndProject
Project("{FAE04EC0-301F-11D3-BF4B-00C04F79EFBC}") = "KTX-DAL", "KTX-DAL\KTX-DAL.csproj", "{B99F30FA-6768-426C-A7C1-DC213D004B65}"
EndProject
Global
	GlobalSection(SolutionConfigurationPlatforms) = preSolution
		Debug|Any CPU = Debug|Any CPU
		Release|Any CPU = Release|Any CPU
	EndGlobalSection
	GlobalSection(ProjectConfigurationPlatforms) = postSolution
		{2854A292-6B57-45C5-A267-08A5BDF93C3B}.Debug|Any CPU.ActiveCfg = Debug|Any CPU
		{2854A292-6B57-45C5-A267-08A5BDF93C3B}.Debug|Any CPU.Build.0 = Debug|Any CPU
		{2854A292-6B57-45C5-A267-08A5BDF93C3B}.Release|Any CPU.ActiveCfg = Release|Any CPU
		{2854A292-6B57-45C5-A267-08A5BDF93C3B}.Release|Any CPU.Build.0 = Release|Any CPU
		{C1CA8A85-A996-4850-96E9-29B8A250598D}.Debug|Any CPU.ActiveCfg = Debug|Any CPU
		{C1CA8A85-A996-4850-96E9-29B8A250598D}.Debug|Any CPU.Build.0 = Debug|Any CPU
		{C1CA8A85-A996-4850-96E9-29B8A250598D}.Release|Any CPU.ActiveCfg = Release|Any CPU
		{C1CA8A85-A996-4850-96E9-29B8A250598D}.Release|Any CPU.Build.0 = Release|Any CPU
		{B99F30FA-6768-426C-A7C1-DC213D004B65}.Debug|Any CPU.ActiveCfg = Debug|Any CPU
		{B99F30FA-6768-426C-A7C1-DC213D004B65}.Debug|Any CPU.Build.0 = Debug|Any CPU
		{B99F30FA-6768-426C-A7C1-DC213D004B65}.Release|Any CPU.ActiveCfg = Release|Any CPU
		{B99F30FA-6768-426C-A7C1-DC213D004B65}.Release|Any CPU.Build.0 = Release|Any CPU
	EndGlobalSection
	GlobalSection(SolutionProperties) = preSolution
		HideSolutionNode = FALSE
	EndGlobalSection
	GlobalSection(ExtensibilityGlobals) = postSolution
		SolutionGuid = {070C06B0-C0F9-4F5F-AA11-5C87C4DCB715}
	EndGlobalSection
EndGlobal
